
Microsoft Visual Studio Solution File, Format Version 12.00
# Visual Studio Version 17
VisualStudioVersion = 17.9.34714.143
MinimumVisualStudioVersion = 10.0.40219.1
Project("{FAE04EC0-301F-11D3-BF4B-00C04F79EFBC}") = "EmployeeManagementCLI", "EmployeeManagementCLI\EmployeeManagementCLI.csproj", "{DF178128-058C-458F-9331-5D635A5121AD}"
EndProject
Global
	GlobalSection(SolutionConfigurationPlatforms) = preSolution
		Debug|Any CPU = Debug|Any CPU
		Release|Any CPU = Release|Any CPU
	EndGlobalSection
	GlobalSection(ProjectConfigurationPlatforms) = postSolution
		{DF178128-058C-458F-9331-5D635A5121AD}.Debug|Any CPU.ActiveCfg = Debug|Any CPU
		{DF178128-058C-458F-9331-5D635A5121AD}.Debug|Any CPU.Build.0 = Debug|Any CPU
		{DF178128-058C-458F-9331-5D635A5121AD}.Release|Any CPU.ActiveCfg = Release|Any CPU
		{DF178128-058C-458F-9331-5D635A5121AD}.Release|Any CPU.Build.0 = Release|Any CPU
	EndGlobalSection
	GlobalSection(SolutionProperties) = preSolution
		HideSolutionNode = FALSE
	EndGlobalSection
	GlobalSection(ExtensibilityGlobals) = postSolution
		SolutionGuid = {E624CFCB-1047-4E72-8F0A-60498C8552FE}
	EndGlobalSection
EndGlobal
