
Microsoft Visual Studio Solution File, Format Version 12.00
# Visual Studio Version 17
VisualStudioVersion = 17.9.34714.143
MinimumVisualStudioVersion = 10.0.40219.1
Project("{9A19103F-16F7-4668-BE54-9A1E7A4F7556}") = "EmployeeManagementCLI.Domain", "EmployeeManagementCLI.Domain\EmployeeManagementCLI.Domain.csproj", "{1DBEE846-1660-42A9-A899-BBCAFD96CA66}"
EndProject
Project("{9A19103F-16F7-4668-BE54-9A1E7A4F7556}") = "EmployeeManagementCLI.Console", "EmployeeManagementCLI.Console\EmployeeManagementCLI.Console.csproj", "{A70B9328-52F2-48E1-B671-ED1053F30693}"
EndProject
Project("{9A19103F-16F7-4668-BE54-9A1E7A4F7556}") = "EmployeeManagementCLI.Data", "EmployeeManagementCLI.Data\EmployeeManagementCLI.Data.csproj", "{ABE723CB-C52D-48EC-9A20-B77FE5726ECD}"
EndProject
Project("{2150E333-8FDC-42A3-9474-1A3956D46DE8}") = "Tests", "Tests", "{A00B9A7F-6948-4854-80E9-347DF9541B46}"
EndProject
Project("{9A19103F-16F7-4668-BE54-9A1E7A4F7556}") = "EmployeeManagementCLI.Domain.Test", "EmployeeManagementCLI.Domain.Test\EmployeeManagementCLI.Domain.Test.csproj", "{D9E7734F-CC72-4F84-8580-44CBB8A754E8}"
EndProject
Project("{FAE04EC0-301F-11D3-BF4B-00C04F79EFBC}") = "EmployeeManagementCLI.Console.Test", "EmployeeManagementCLI.Console.Test\EmployeeManagementCLI.Console.Test.csproj", "{61A09F96-291D-42D3-BFDA-BE52A4E8F231}"
EndProject
Global
	GlobalSection(SolutionConfigurationPlatforms) = preSolution
		Debug|Any CPU = Debug|Any CPU
		Release|Any CPU = Release|Any CPU
	EndGlobalSection
	GlobalSection(ProjectConfigurationPlatforms) = postSolution
		{1DBEE846-1660-42A9-A899-BBCAFD96CA66}.Debug|Any CPU.ActiveCfg = Debug|Any CPU
		{1DBEE846-1660-42A9-A899-BBCAFD96CA66}.Debug|Any CPU.Build.0 = Debug|Any CPU
		{1DBEE846-1660-42A9-A899-BBCAFD96CA66}.Release|Any CPU.ActiveCfg = Release|Any CPU
		{1DBEE846-1660-42A9-A899-BBCAFD96CA66}.Release|Any CPU.Build.0 = Release|Any CPU
		{A70B9328-52F2-48E1-B671-ED1053F30693}.Debug|Any CPU.ActiveCfg = Debug|Any CPU
		{A70B9328-52F2-48E1-B671-ED1053F30693}.Debug|Any CPU.Build.0 = Debug|Any CPU
		{A70B9328-52F2-48E1-B671-ED1053F30693}.Release|Any CPU.ActiveCfg = Release|Any CPU
		{A70B9328-52F2-48E1-B671-ED1053F30693}.Release|Any CPU.Build.0 = Release|Any CPU
		{ABE723CB-C52D-48EC-9A20-B77FE5726ECD}.Debug|Any CPU.ActiveCfg = Debug|Any CPU
		{ABE723CB-C52D-48EC-9A20-B77FE5726ECD}.Debug|Any CPU.Build.0 = Debug|Any CPU
		{ABE723CB-C52D-48EC-9A20-B77FE5726ECD}.Release|Any CPU.ActiveCfg = Release|Any CPU
		{ABE723CB-C52D-48EC-9A20-B77FE5726ECD}.Release|Any CPU.Build.0 = Release|Any CPU
		{D9E7734F-CC72-4F84-8580-44CBB8A754E8}.Debug|Any CPU.ActiveCfg = Debug|Any CPU
		{D9E7734F-CC72-4F84-8580-44CBB8A754E8}.Debug|Any CPU.Build.0 = Debug|Any CPU
		{D9E7734F-CC72-4F84-8580-44CBB8A754E8}.Release|Any CPU.ActiveCfg = Release|Any CPU
		{D9E7734F-CC72-4F84-8580-44CBB8A754E8}.Release|Any CPU.Build.0 = Release|Any CPU
		{61A09F96-291D-42D3-BFDA-BE52A4E8F231}.Debug|Any CPU.ActiveCfg = Debug|Any CPU
		{61A09F96-291D-42D3-BFDA-BE52A4E8F231}.Debug|Any CPU.Build.0 = Debug|Any CPU
		{61A09F96-291D-42D3-BFDA-BE52A4E8F231}.Release|Any CPU.ActiveCfg = Release|Any CPU
		{61A09F96-291D-42D3-BFDA-BE52A4E8F231}.Release|Any CPU.Build.0 = Release|Any CPU
	EndGlobalSection
	GlobalSection(SolutionProperties) = preSolution
		HideSolutionNode = FALSE
	EndGlobalSection
	GlobalSection(NestedProjects) = preSolution
		{D9E7734F-CC72-4F84-8580-44CBB8A754E8} = {A00B9A7F-6948-4854-80E9-347DF9541B46}
		{61A09F96-291D-42D3-BFDA-BE52A4E8F231} = {A00B9A7F-6948-4854-80E9-347DF9541B46}
	EndGlobalSection
	GlobalSection(ExtensibilityGlobals) = postSolution
		SolutionGuid = {E624CFCB-1047-4E72-8F0A-60498C8552FE}
	EndGlobalSection
EndGlobal
